
Microsoft Visual Studio Solution File, Format Version 12.00
# Visual Studio 15
VisualStudioVersion = 15.0.28307.489
MinimumVisualStudioVersion = 10.0.40219.1
Project("{FAE04EC0-301F-11D3-BF4B-00C04F79EFBC}") = "SQL_Configuration_Tool", "SQL_Configuration_Tool\SQL_Configuration_Tool.csproj", "{F5975CCF-6D15-4FE7-A23F-5288937704C7}"
EndProject
Global
	GlobalSection(SolutionConfigurationPlatforms) = preSolution
		Debug|Any CPU = Debug|Any CPU
		Release|Any CPU = Release|Any CPU
	EndGlobalSection
	GlobalSection(ProjectConfigurationPlatforms) = postSolution
		{F5975CCF-6D15-4FE7-A23F-5288937704C7}.Debug|Any CPU.ActiveCfg = Debug|Any CPU
		{F5975CCF-6D15-4FE7-A23F-5288937704C7}.Debug|Any CPU.Build.0 = Debug|Any CPU
		{F5975CCF-6D15-4FE7-A23F-5288937704C7}.Release|Any CPU.ActiveCfg = Release|Any CPU
		{F5975CCF-6D15-4FE7-A23F-5288937704C7}.Release|Any CPU.Build.0 = Release|Any CPU
	EndGlobalSection
	GlobalSection(SolutionProperties) = preSolution
		HideSolutionNode = FALSE
	EndGlobalSection
	GlobalSection(ExtensibilityGlobals) = postSolution
		SolutionGuid = {C0413AB7-511D-4973-AE07-D65F93943935}
	EndGlobalSection
EndGlobal
